
Microsoft Visual Studio Solution File, Format Version 12.00
# Visual Studio Version 17
VisualStudioVersion = 17.13.35931.197 d17.13
MinimumVisualStudioVersion = 10.0.40219.1
Project("{FAE04EC0-301F-11D3-BF4B-00C04F79EFBC}") = "구조체 매개변수_함수의 매개변수에 구조체 사용", "구조체 매개변수_함수의 매개변수에 구조체 사용\구조체 매개변수_함수의 매개변수에 구조체 사용.csproj", "{A964FAC9-EF90-4D17-B2CB-DE147EDF376D}"
EndProject
Global
	GlobalSection(SolutionConfigurationPlatforms) = preSolution
		Debug|Any CPU = Debug|Any CPU
		Release|Any CPU = Release|Any CPU
	EndGlobalSection
	GlobalSection(ProjectConfigurationPlatforms) = postSolution
		{A964FAC9-EF90-4D17-B2CB-DE147EDF376D}.Debug|Any CPU.ActiveCfg = Debug|Any CPU
		{A964FAC9-EF90-4D17-B2CB-DE147EDF376D}.Debug|Any CPU.Build.0 = Debug|Any CPU
		{A964FAC9-EF90-4D17-B2CB-DE147EDF376D}.Release|Any CPU.ActiveCfg = Release|Any CPU
		{A964FAC9-EF90-4D17-B2CB-DE147EDF376D}.Release|Any CPU.Build.0 = Release|Any CPU
	EndGlobalSection
	GlobalSection(SolutionProperties) = preSolution
		HideSolutionNode = FALSE
	EndGlobalSection
	GlobalSection(ExtensibilityGlobals) = postSolution
		SolutionGuid = {49701D77-4F2C-431C-9B44-14CA5FE94DFE}
	EndGlobalSection
EndGlobal
