
Microsoft Visual Studio Solution File, Format Version 12.00
# Visual Studio Version 17
VisualStudioVersion = 17.13.35931.197 d17.13
MinimumVisualStudioVersion = 10.0.40219.1
Project("{FAE04EC0-301F-11D3-BF4B-00C04F79EFBC}") = "ForDemo", "ForDemo\ForDemo.csproj", "{9052A6D9-4392-44D6-AC69-EA0B44D52F93}"
EndProject
Global
	GlobalSection(SolutionConfigurationPlatforms) = preSolution
		Debug|Any CPU = Debug|Any CPU
		Release|Any CPU = Release|Any CPU
	EndGlobalSection
	GlobalSection(ProjectConfigurationPlatforms) = postSolution
		{9052A6D9-4392-44D6-AC69-EA0B44D52F93}.Debug|Any CPU.ActiveCfg = Debug|Any CPU
		{9052A6D9-4392-44D6-AC69-EA0B44D52F93}.Debug|Any CPU.Build.0 = Debug|Any CPU
		{9052A6D9-4392-44D6-AC69-EA0B44D52F93}.Release|Any CPU.ActiveCfg = Release|Any CPU
		{9052A6D9-4392-44D6-AC69-EA0B44D52F93}.Release|Any CPU.Build.0 = Release|Any CPU
	EndGlobalSection
	GlobalSection(SolutionProperties) = preSolution
		HideSolutionNode = FALSE
	EndGlobalSection
	GlobalSection(ExtensibilityGlobals) = postSolution
		SolutionGuid = {26A93BB2-D4DA-413A-BE33-59F97C28FA03}
	EndGlobalSection
EndGlobal
