
Microsoft Visual Studio Solution File, Format Version 12.00
# Visual Studio Version 17
VisualStudioVersion = 17.13.35931.197 d17.13
MinimumVisualStudioVersion = 10.0.40219.1
Project("{FAE04EC0-301F-11D3-BF4B-00C04F79EFBC}") = "ForFactorial", "ForFactorial\ForFactorial.csproj", "{22912AD7-8306-4583-AB7F-54307E030AB2}"
EndProject
Global
	GlobalSection(SolutionConfigurationPlatforms) = preSolution
		Debug|Any CPU = Debug|Any CPU
		Release|Any CPU = Release|Any CPU
	EndGlobalSection
	GlobalSection(ProjectConfigurationPlatforms) = postSolution
		{22912AD7-8306-4583-AB7F-54307E030AB2}.Debug|Any CPU.ActiveCfg = Debug|Any CPU
		{22912AD7-8306-4583-AB7F-54307E030AB2}.Debug|Any CPU.Build.0 = Debug|Any CPU
		{22912AD7-8306-4583-AB7F-54307E030AB2}.Release|Any CPU.ActiveCfg = Release|Any CPU
		{22912AD7-8306-4583-AB7F-54307E030AB2}.Release|Any CPU.Build.0 = Release|Any CPU
	EndGlobalSection
	GlobalSection(SolutionProperties) = preSolution
		HideSolutionNode = FALSE
	EndGlobalSection
	GlobalSection(ExtensibilityGlobals) = postSolution
		SolutionGuid = {46DA9E95-2B4C-48D7-97A1-415A4CF2A1BA}
	EndGlobalSection
EndGlobal
