
Microsoft Visual Studio Solution File, Format Version 12.00
# Visual Studio Version 17
VisualStudioVersion = 17.13.35931.197 d17.13
MinimumVisualStudioVersion = 10.0.40219.1
Project("{FAE04EC0-301F-11D3-BF4B-00C04F79EFBC}") = "ConstantDemo.cs", "ConstantDemo.cs\ConstantDemo.cs.csproj", "{C8F85757-1F17-462F-ACCA-157365B1CF24}"
EndProject
Global
	GlobalSection(SolutionConfigurationPlatforms) = preSolution
		Debug|Any CPU = Debug|Any CPU
		Release|Any CPU = Release|Any CPU
	EndGlobalSection
	GlobalSection(ProjectConfigurationPlatforms) = postSolution
		{C8F85757-1F17-462F-ACCA-157365B1CF24}.Debug|Any CPU.ActiveCfg = Debug|Any CPU
		{C8F85757-1F17-462F-ACCA-157365B1CF24}.Debug|Any CPU.Build.0 = Debug|Any CPU
		{C8F85757-1F17-462F-ACCA-157365B1CF24}.Release|Any CPU.ActiveCfg = Release|Any CPU
		{C8F85757-1F17-462F-ACCA-157365B1CF24}.Release|Any CPU.Build.0 = Release|Any CPU
	EndGlobalSection
	GlobalSection(SolutionProperties) = preSolution
		HideSolutionNode = FALSE
	EndGlobalSection
	GlobalSection(ExtensibilityGlobals) = postSolution
		SolutionGuid = {065401E4-A4F0-4E9A-8416-68B7342B57CB}
	EndGlobalSection
EndGlobal
