
Microsoft Visual Studio Solution File, Format Version 12.00
# Visual Studio Version 17
VisualStudioVersion = 17.13.35931.197 d17.13
MinimumVisualStudioVersion = 10.0.40219.1
Project("{FAE04EC0-301F-11D3-BF4B-00C04F79EFBC}") = "string interoplation", "string interoplation\string interoplation.csproj", "{BF7FA373-EF7D-41FC-B745-0F1B038D0B60}"
EndProject
Global
	GlobalSection(SolutionConfigurationPlatforms) = preSolution
		Debug|Any CPU = Debug|Any CPU
		Release|Any CPU = Release|Any CPU
	EndGlobalSection
	GlobalSection(ProjectConfigurationPlatforms) = postSolution
		{BF7FA373-EF7D-41FC-B745-0F1B038D0B60}.Debug|Any CPU.ActiveCfg = Debug|Any CPU
		{BF7FA373-EF7D-41FC-B745-0F1B038D0B60}.Debug|Any CPU.Build.0 = Debug|Any CPU
		{BF7FA373-EF7D-41FC-B745-0F1B038D0B60}.Release|Any CPU.ActiveCfg = Release|Any CPU
		{BF7FA373-EF7D-41FC-B745-0F1B038D0B60}.Release|Any CPU.Build.0 = Release|Any CPU
	EndGlobalSection
	GlobalSection(SolutionProperties) = preSolution
		HideSolutionNode = FALSE
	EndGlobalSection
	GlobalSection(ExtensibilityGlobals) = postSolution
		SolutionGuid = {E0D70CF2-C526-4E56-A1E5-AB9870ED862E}
	EndGlobalSection
EndGlobal
