
Microsoft Visual Studio Solution File, Format Version 12.00
# Visual Studio Version 17
VisualStudioVersion = 17.13.35931.197 d17.13
MinimumVisualStudioVersion = 10.0.40219.1
Project("{FAE04EC0-301F-11D3-BF4B-00C04F79EFBC}") = "index(place holder)", "index(place holder)\index(place holder).csproj", "{885D0443-E1F7-4D46-AD9A-2977252B09EF}"
EndProject
Global
	GlobalSection(SolutionConfigurationPlatforms) = preSolution
		Debug|Any CPU = Debug|Any CPU
		Release|Any CPU = Release|Any CPU
	EndGlobalSection
	GlobalSection(ProjectConfigurationPlatforms) = postSolution
		{885D0443-E1F7-4D46-AD9A-2977252B09EF}.Debug|Any CPU.ActiveCfg = Debug|Any CPU
		{885D0443-E1F7-4D46-AD9A-2977252B09EF}.Debug|Any CPU.Build.0 = Debug|Any CPU
		{885D0443-E1F7-4D46-AD9A-2977252B09EF}.Release|Any CPU.ActiveCfg = Release|Any CPU
		{885D0443-E1F7-4D46-AD9A-2977252B09EF}.Release|Any CPU.Build.0 = Release|Any CPU
	EndGlobalSection
	GlobalSection(SolutionProperties) = preSolution
		HideSolutionNode = FALSE
	EndGlobalSection
	GlobalSection(ExtensibilityGlobals) = postSolution
		SolutionGuid = {6D680189-A789-4F3F-AC29-17F3892FB209}
	EndGlobalSection
EndGlobal
