
Microsoft Visual Studio Solution File, Format Version 12.00
# Visual Studio Version 17
VisualStudioVersion = 17.13.35931.197 d17.13
MinimumVisualStudioVersion = 10.0.40219.1
Project("{FAE04EC0-301F-11D3-BF4B-00C04F79EFBC}") = "OperatorAdd", "OperatorAdd\OperatorAdd.csproj", "{4DD875F8-EF65-46D4-BC1F-B93DF7C1853D}"
EndProject
Global
	GlobalSection(SolutionConfigurationPlatforms) = preSolution
		Debug|Any CPU = Debug|Any CPU
		Release|Any CPU = Release|Any CPU
	EndGlobalSection
	GlobalSection(ProjectConfigurationPlatforms) = postSolution
		{4DD875F8-EF65-46D4-BC1F-B93DF7C1853D}.Debug|Any CPU.ActiveCfg = Debug|Any CPU
		{4DD875F8-EF65-46D4-BC1F-B93DF7C1853D}.Debug|Any CPU.Build.0 = Debug|Any CPU
		{4DD875F8-EF65-46D4-BC1F-B93DF7C1853D}.Release|Any CPU.ActiveCfg = Release|Any CPU
		{4DD875F8-EF65-46D4-BC1F-B93DF7C1853D}.Release|Any CPU.Build.0 = Release|Any CPU
	EndGlobalSection
	GlobalSection(SolutionProperties) = preSolution
		HideSolutionNode = FALSE
	EndGlobalSection
	GlobalSection(ExtensibilityGlobals) = postSolution
		SolutionGuid = {257AA28C-7D49-4FE3-8E3B-5474C23468F7}
	EndGlobalSection
EndGlobal
