
Microsoft Visual Studio Solution File, Format Version 12.00
# Visual Studio Version 17
VisualStudioVersion = 17.13.35931.197 d17.13
MinimumVisualStudioVersion = 10.0.40219.1
Project("{FAE04EC0-301F-11D3-BF4B-00C04F79EFBC}") = "ConditionalOpertator", "ConditionalOpertator\ConditionalOpertator.csproj", "{25EEFFFD-C49A-4307-A580-41F41E34AFAD}"
EndProject
Global
	GlobalSection(SolutionConfigurationPlatforms) = preSolution
		Debug|Any CPU = Debug|Any CPU
		Release|Any CPU = Release|Any CPU
	EndGlobalSection
	GlobalSection(ProjectConfigurationPlatforms) = postSolution
		{25EEFFFD-C49A-4307-A580-41F41E34AFAD}.Debug|Any CPU.ActiveCfg = Debug|Any CPU
		{25EEFFFD-C49A-4307-A580-41F41E34AFAD}.Debug|Any CPU.Build.0 = Debug|Any CPU
		{25EEFFFD-C49A-4307-A580-41F41E34AFAD}.Release|Any CPU.ActiveCfg = Release|Any CPU
		{25EEFFFD-C49A-4307-A580-41F41E34AFAD}.Release|Any CPU.Build.0 = Release|Any CPU
	EndGlobalSection
	GlobalSection(SolutionProperties) = preSolution
		HideSolutionNode = FALSE
	EndGlobalSection
	GlobalSection(ExtensibilityGlobals) = postSolution
		SolutionGuid = {EF72C111-5B92-4A84-867B-5EA6A79D1B30}
	EndGlobalSection
EndGlobal
