
Microsoft Visual Studio Solution File, Format Version 12.00
# Visual Studio Version 17
VisualStudioVersion = 17.13.35931.197 d17.13
MinimumVisualStudioVersion = 10.0.40219.1
Project("{FAE04EC0-301F-11D3-BF4B-00C04F79EFBC}") = "내장된 ConsoleColor 열거형 사용", "내장된 ConsoleColor 열거형 사용\내장된 ConsoleColor 열거형 사용.csproj", "{A3CAB3DB-0509-4B2C-B45C-DB2E14EAC37E}"
EndProject
Global
	GlobalSection(SolutionConfigurationPlatforms) = preSolution
		Debug|Any CPU = Debug|Any CPU
		Release|Any CPU = Release|Any CPU
	EndGlobalSection
	GlobalSection(ProjectConfigurationPlatforms) = postSolution
		{A3CAB3DB-0509-4B2C-B45C-DB2E14EAC37E}.Debug|Any CPU.ActiveCfg = Debug|Any CPU
		{A3CAB3DB-0509-4B2C-B45C-DB2E14EAC37E}.Debug|Any CPU.Build.0 = Debug|Any CPU
		{A3CAB3DB-0509-4B2C-B45C-DB2E14EAC37E}.Release|Any CPU.ActiveCfg = Release|Any CPU
		{A3CAB3DB-0509-4B2C-B45C-DB2E14EAC37E}.Release|Any CPU.Build.0 = Release|Any CPU
	EndGlobalSection
	GlobalSection(SolutionProperties) = preSolution
		HideSolutionNode = FALSE
	EndGlobalSection
	GlobalSection(ExtensibilityGlobals) = postSolution
		SolutionGuid = {C42EBA6F-8186-44F6-9774-06BFDF1DA377}
	EndGlobalSection
EndGlobal
