
Microsoft Visual Studio Solution File, Format Version 12.00
# Visual Studio Version 17
VisualStudioVersion = 17.13.35931.197 d17.13
MinimumVisualStudioVersion = 10.0.40219.1
Project("{FAE04EC0-301F-11D3-BF4B-00C04F79EFBC}") = "열거형 값을 정수형이나 문자열로 사용", "열거형 값을 정수형이나 문자열로 사용\열거형 값을 정수형이나 문자열로 사용.csproj", "{1F15C177-17EC-4B6B-B1EF-736C3E438C2A}"
EndProject
Global
	GlobalSection(SolutionConfigurationPlatforms) = preSolution
		Debug|Any CPU = Debug|Any CPU
		Release|Any CPU = Release|Any CPU
	EndGlobalSection
	GlobalSection(ProjectConfigurationPlatforms) = postSolution
		{1F15C177-17EC-4B6B-B1EF-736C3E438C2A}.Debug|Any CPU.ActiveCfg = Debug|Any CPU
		{1F15C177-17EC-4B6B-B1EF-736C3E438C2A}.Debug|Any CPU.Build.0 = Debug|Any CPU
		{1F15C177-17EC-4B6B-B1EF-736C3E438C2A}.Release|Any CPU.ActiveCfg = Release|Any CPU
		{1F15C177-17EC-4B6B-B1EF-736C3E438C2A}.Release|Any CPU.Build.0 = Release|Any CPU
	EndGlobalSection
	GlobalSection(SolutionProperties) = preSolution
		HideSolutionNode = FALSE
	EndGlobalSection
	GlobalSection(ExtensibilityGlobals) = postSolution
		SolutionGuid = {BB19A819-4474-4590-9F1C-F988B59B5B0E}
	EndGlobalSection
EndGlobal
