
Microsoft Visual Studio Solution File, Format Version 12.00
# Visual Studio Version 17
VisualStudioVersion = 17.13.35931.197 d17.13
MinimumVisualStudioVersion = 10.0.40219.1
Project("{FAE04EC0-301F-11D3-BF4B-00C04F79EFBC}") = "ArrayTWo", "ArrayTWo\ArrayTWo.csproj", "{3472979A-3E16-4C5E-A78C-40CD28A41722}"
EndProject
Global
	GlobalSection(SolutionConfigurationPlatforms) = preSolution
		Debug|Any CPU = Debug|Any CPU
		Release|Any CPU = Release|Any CPU
	EndGlobalSection
	GlobalSection(ProjectConfigurationPlatforms) = postSolution
		{3472979A-3E16-4C5E-A78C-40CD28A41722}.Debug|Any CPU.ActiveCfg = Debug|Any CPU
		{3472979A-3E16-4C5E-A78C-40CD28A41722}.Debug|Any CPU.Build.0 = Debug|Any CPU
		{3472979A-3E16-4C5E-A78C-40CD28A41722}.Release|Any CPU.ActiveCfg = Release|Any CPU
		{3472979A-3E16-4C5E-A78C-40CD28A41722}.Release|Any CPU.Build.0 = Release|Any CPU
	EndGlobalSection
	GlobalSection(SolutionProperties) = preSolution
		HideSolutionNode = FALSE
	EndGlobalSection
	GlobalSection(ExtensibilityGlobals) = postSolution
		SolutionGuid = {4FD5A746-34B8-4F16-833F-108FD06F63B8}
	EndGlobalSection
EndGlobal
