
Microsoft Visual Studio Solution File, Format Version 12.00
# Visual Studio Version 17
VisualStudioVersion = 17.13.35931.197 d17.13
MinimumVisualStudioVersion = 10.0.40219.1
Project("{FAE04EC0-301F-11D3-BF4B-00C04F79EFBC}") = "재귀를 사용한 2n 패턴 구하기", "재귀를 사용한 2n 패턴 구하기\재귀를 사용한 2n 패턴 구하기.csproj", "{53BE4F71-2DAF-4003-A536-5BBC09660A4B}"
EndProject
Global
	GlobalSection(SolutionConfigurationPlatforms) = preSolution
		Debug|Any CPU = Debug|Any CPU
		Release|Any CPU = Release|Any CPU
	EndGlobalSection
	GlobalSection(ProjectConfigurationPlatforms) = postSolution
		{53BE4F71-2DAF-4003-A536-5BBC09660A4B}.Debug|Any CPU.ActiveCfg = Debug|Any CPU
		{53BE4F71-2DAF-4003-A536-5BBC09660A4B}.Debug|Any CPU.Build.0 = Debug|Any CPU
		{53BE4F71-2DAF-4003-A536-5BBC09660A4B}.Release|Any CPU.ActiveCfg = Release|Any CPU
		{53BE4F71-2DAF-4003-A536-5BBC09660A4B}.Release|Any CPU.Build.0 = Release|Any CPU
	EndGlobalSection
	GlobalSection(SolutionProperties) = preSolution
		HideSolutionNode = FALSE
	EndGlobalSection
	GlobalSection(ExtensibilityGlobals) = postSolution
		SolutionGuid = {8E5A3E87-BDEC-4220-BD62-B8BFD440C38C}
	EndGlobalSection
EndGlobal
