
Microsoft Visual Studio Solution File, Format Version 12.00
# Visual Studio Version 17
VisualStudioVersion = 17.13.35931.197 d17.13
MinimumVisualStudioVersion = 10.0.40219.1
Project("{FAE04EC0-301F-11D3-BF4B-00C04F79EFBC}") = "Implicit", "Implicit\Implicit.csproj", "{18A66E95-2F20-4738-979D-E10C2385FBCD}"
EndProject
Global
	GlobalSection(SolutionConfigurationPlatforms) = preSolution
		Debug|Any CPU = Debug|Any CPU
		Release|Any CPU = Release|Any CPU
	EndGlobalSection
	GlobalSection(ProjectConfigurationPlatforms) = postSolution
		{18A66E95-2F20-4738-979D-E10C2385FBCD}.Debug|Any CPU.ActiveCfg = Debug|Any CPU
		{18A66E95-2F20-4738-979D-E10C2385FBCD}.Debug|Any CPU.Build.0 = Debug|Any CPU
		{18A66E95-2F20-4738-979D-E10C2385FBCD}.Release|Any CPU.ActiveCfg = Release|Any CPU
		{18A66E95-2F20-4738-979D-E10C2385FBCD}.Release|Any CPU.Build.0 = Release|Any CPU
	EndGlobalSection
	GlobalSection(SolutionProperties) = preSolution
		HideSolutionNode = FALSE
	EndGlobalSection
	GlobalSection(ExtensibilityGlobals) = postSolution
		SolutionGuid = {E4848562-E4A1-4F7D-954E-97D5D52E0125}
	EndGlobalSection
EndGlobal
