
Microsoft Visual Studio Solution File, Format Version 12.00
# Visual Studio Version 17
VisualStudioVersion = 17.13.35931.197 d17.13
MinimumVisualStudioVersion = 10.0.40219.1
Project("{FAE04EC0-301F-11D3-BF4B-00C04F79EFBC}") = "함수의 매개변수 이름을 지정하여 호출_NamedParameter", "함수의 매개변수 이름을 지정하여 호출_NamedParameter\함수의 매개변수 이름을 지정하여 호출_NamedParameter.csproj", "{0351F9A7-53F9-43A7-927D-B3F50E73DF14}"
EndProject
Global
	GlobalSection(SolutionConfigurationPlatforms) = preSolution
		Debug|Any CPU = Debug|Any CPU
		Release|Any CPU = Release|Any CPU
	EndGlobalSection
	GlobalSection(ProjectConfigurationPlatforms) = postSolution
		{0351F9A7-53F9-43A7-927D-B3F50E73DF14}.Debug|Any CPU.ActiveCfg = Debug|Any CPU
		{0351F9A7-53F9-43A7-927D-B3F50E73DF14}.Debug|Any CPU.Build.0 = Debug|Any CPU
		{0351F9A7-53F9-43A7-927D-B3F50E73DF14}.Release|Any CPU.ActiveCfg = Release|Any CPU
		{0351F9A7-53F9-43A7-927D-B3F50E73DF14}.Release|Any CPU.Build.0 = Release|Any CPU
	EndGlobalSection
	GlobalSection(SolutionProperties) = preSolution
		HideSolutionNode = FALSE
	EndGlobalSection
	GlobalSection(ExtensibilityGlobals) = postSolution
		SolutionGuid = {22DE8688-3639-403C-8FF6-BF7DD9D87D74}
	EndGlobalSection
EndGlobal
