
Microsoft Visual Studio Solution File, Format Version 12.00
# Visual Studio Version 17
VisualStudioVersion = 17.13.35931.197 d17.13
MinimumVisualStudioVersion = 10.0.40219.1
Project("{FAE04EC0-301F-11D3-BF4B-00C04F79EFBC}") = "OutVariable", "OutVariable\OutVariable.csproj", "{0FA51D40-E437-4133-AF26-0F9CF2F2DA6D}"
EndProject
Global
	GlobalSection(SolutionConfigurationPlatforms) = preSolution
		Debug|Any CPU = Debug|Any CPU
		Release|Any CPU = Release|Any CPU
	EndGlobalSection
	GlobalSection(ProjectConfigurationPlatforms) = postSolution
		{0FA51D40-E437-4133-AF26-0F9CF2F2DA6D}.Debug|Any CPU.ActiveCfg = Debug|Any CPU
		{0FA51D40-E437-4133-AF26-0F9CF2F2DA6D}.Debug|Any CPU.Build.0 = Debug|Any CPU
		{0FA51D40-E437-4133-AF26-0F9CF2F2DA6D}.Release|Any CPU.ActiveCfg = Release|Any CPU
		{0FA51D40-E437-4133-AF26-0F9CF2F2DA6D}.Release|Any CPU.Build.0 = Release|Any CPU
	EndGlobalSection
	GlobalSection(SolutionProperties) = preSolution
		HideSolutionNode = FALSE
	EndGlobalSection
	GlobalSection(ExtensibilityGlobals) = postSolution
		SolutionGuid = {21C5AD43-8C1C-44D7-BC5C-C144D28F59EB}
	EndGlobalSection
EndGlobal
